
Microsoft Visual Studio Solution File, Format Version 12.00
# Visual Studio 15
VisualStudioVersion = 15.0.28307.852
MinimumVisualStudioVersion = 10.0.40219.1
Project("{9092AA53-FB77-4645-B42D-1CCCA6BD08BD}") = "HelloWorld", "HelloWorld\HelloWorld.njsproj", "{D9066E86-9BB8-467B-8B1C-95DF73F8D7EC}"
EndProject
Global
	GlobalSection(SolutionConfigurationPlatforms) = preSolution
		Debug|Any CPU = Debug|Any CPU
		Release|Any CPU = Release|Any CPU
	EndGlobalSection
	GlobalSection(ProjectConfigurationPlatforms) = postSolution
		{D9066E86-9BB8-467B-8B1C-95DF73F8D7EC}.Debug|Any CPU.ActiveCfg = Debug|Any CPU
		{D9066E86-9BB8-467B-8B1C-95DF73F8D7EC}.Debug|Any CPU.Build.0 = Debug|Any CPU
		{D9066E86-9BB8-467B-8B1C-95DF73F8D7EC}.Release|Any CPU.ActiveCfg = Release|Any CPU
		{D9066E86-9BB8-467B-8B1C-95DF73F8D7EC}.Release|Any CPU.Build.0 = Release|Any CPU
	EndGlobalSection
	GlobalSection(SolutionProperties) = preSolution
		HideSolutionNode = FALSE
	EndGlobalSection
	GlobalSection(ExtensibilityGlobals) = postSolution
		SolutionGuid = {0F4B0BDB-E678-4520-B674-E9DA4CBACE60}
	EndGlobalSection
EndGlobal
